3594558434733841072
cista e4034ef59b30a80323dc638df54e85d36d8364ff
res 7d97784ba785ce8a2677ea77164040fde484fb04
date 38d0b684c7fc3796b2c7f887c7dde8d6493b062f
doctest 70e8f76437b76dd5e9c0a2eb9b907df190ab71a0
fmt c68ab4be8f3cb0e5c6eb181b3f419622e15e02bd
zlib 1e1dfdedddb54a2e2cb8fec3b67f925233c495aa
boost ad6cbb38470efd74265715e0972cb5ae44527fb1
geo fa97943bc7ad5270a74d504ea587dab79f9ade61
lmdb 5be96596cb38c8a7919c5f543097429061c16fb6
miniz 1edbdece9d71dc65c6ff405572ee37cbdcef7af4
Catch2 e5c9a58d66ff0780e956b5447573af9d6b9b2ca3
utl 931b8271896612ad8d8dc364f4cf419d6ef06307
