12258524245615476228
cista 1fb6f1d9bb8ac9fdb4ca648df69695dd819dc07e
PEGTL 0d37dcf8f02c12a84fdf521973801a5baab78e8f
res b759b93316afeb529b6cb5b2548b24c41e382fb0
date ce88cc33b5551f66655614eeebb7c5b7189025fb
googletest 9758d168fd1ccff2d76f3bd6ef802943d0f8f7e5
docs 75dc89a53e9c2d78574fc0ffda698e69f1682ed2
fmt dc10f83be70ac2873d5f8d1ce317596f1fd318a2
utl f59bf8e64e3b0024e937c8ca332fe260a3f028f9
oh d9eb908452e808179afeb7954e8beaa5b3626c36
LuaJIT f4bc3f109a4cc5bc262b2a2c683dae5a75f61377
json ccc94522e752a13a0273dfb837ab36f7dbcda5ab
sqlite3 04e60de4ab15c5072b8c7ee2ac7335eb06f2588b
PROJ 27ed257526ddf6e2fd7a1a3c92a1d3de913ce34b
zlib-ng d68e1d908e789c31c1f2fafe4bd8e09cb91e21c5
boost f0eca85b563887be8f26c4856c53d4e5080e6976
doctest 832431f2d9dc77e51cc8b364337c186660bf267d
geo d862550fd867cd5435225b5f0998981ec4fc2ae3
miniz e857234a23de8e5a2d05d266e518220a495db0ce
libressl 24acd9e710fbe842e863572da9d738715fbc74b8
curl 39c8a51e8ee0ab7ea712886df79c068405a2e008
opentelemetry-proto 1624689398a3226c45994d70cb544a1e781dc032
abseil-cpp ba5240842d352b4b67a32092453a2fe5fe53a62e
protobuf df2dd518c68b882c9dce5346393f8c388108e733
opentelemetry-cpp 60770dc9dc63e3543fc87d605b2e88fd53d7a414
pugixml bb45e30c5bf21b3599eb5b4b7fa20547043c3e24
sol2 40c7cbc7c5cfed1e8c7f1bbe6fcbe23d7a67fc75
unordered_dense 2c7230ae7f9c30849a5b089fb4a5d11896b45dcf
wyhash 1e012b57fc2227a9e583a57e2eacb3da99816d99
